
Microsoft Visual Studio Solution File, Format Version 12.00
# Visual Studio 14
VisualStudioVersion = 14.0.24720.0
MinimumVisualStudioVersion = 10.0.40219.1
Project("{FAE04EC0-301F-11D3-BF4B-00C04F79EFBC}") = "NovaMessageSwitch", "NovaMessageSwitch\NovaMessageSwitch.csproj", "{51D22A0D-B99B-4EDF-91D6-86BF7F34F514}"
	ProjectSection(ProjectDependencies) = postProject
		{04362E76-CC6A-48B1-B5E8-1D7C973AFDDC} = {04362E76-CC6A-48B1-B5E8-1D7C973AFDDC}
	EndProjectSection
EndProject
Project("{FAE04EC0-301F-11D3-BF4B-00C04F79EFBC}") = "HelpTool", "HelpTool\HelpTool.csproj", "{04362E76-CC6A-48B1-B5E8-1D7C973AFDDC}"
EndProject
Project("{FAE04EC0-301F-11D3-BF4B-00C04F79EFBC}") = "NovaMessageSwitch.message", "NovaMessageSwitch.message\NovaMessageSwitch.message.csproj", "{6134D67C-B662-4E92-BF71-B1439684F3B0}"
EndProject
Project("{FAE04EC0-301F-11D3-BF4B-00C04F79EFBC}") = "NovaMessageSwitch.MessageFactory", "NovaMessageSwitch.MessageFactory\NovaMessageSwitch.MessageFactory.csproj", "{9428273A-9DC1-4C1F-A1FA-E433D1BB89B0}"
EndProject
Project("{FAE04EC0-301F-11D3-BF4B-00C04F79EFBC}") = "WmsServiceModel", "WmsServiceModel\WmsServiceModel.csproj", "{1C503923-08CC-46CB-AF9D-C526D7475795}"
EndProject
Project("{FAE04EC0-301F-11D3-BF4B-00C04F79EFBC}") = "DebugTest", "DebugTest\DebugTest.csproj", "{D97D5C50-5CEC-41B6-9665-283A6D8B5BD3}"
EndProject
Global
	GlobalSection(SolutionConfigurationPlatforms) = preSolution
		Debug|Any CPU = Debug|Any CPU
		Release|Any CPU = Release|Any CPU
	EndGlobalSection
	GlobalSection(ProjectConfigurationPlatforms) = postSolution
		{51D22A0D-B99B-4EDF-91D6-86BF7F34F514}.Debug|Any CPU.ActiveCfg = Debug|Any CPU
		{51D22A0D-B99B-4EDF-91D6-86BF7F34F514}.Debug|Any CPU.Build.0 = Debug|Any CPU
		{51D22A0D-B99B-4EDF-91D6-86BF7F34F514}.Release|Any CPU.ActiveCfg = Release|Any CPU
		{51D22A0D-B99B-4EDF-91D6-86BF7F34F514}.Release|Any CPU.Build.0 = Release|Any CPU
		{04362E76-CC6A-48B1-B5E8-1D7C973AFDDC}.Debug|Any CPU.ActiveCfg = Debug|Any CPU
		{04362E76-CC6A-48B1-B5E8-1D7C973AFDDC}.Debug|Any CPU.Build.0 = Debug|Any CPU
		{04362E76-CC6A-48B1-B5E8-1D7C973AFDDC}.Release|Any CPU.ActiveCfg = Release|Any CPU
		{04362E76-CC6A-48B1-B5E8-1D7C973AFDDC}.Release|Any CPU.Build.0 = Release|Any CPU
		{6134D67C-B662-4E92-BF71-B1439684F3B0}.Debug|Any CPU.ActiveCfg = Debug|Any CPU
		{6134D67C-B662-4E92-BF71-B1439684F3B0}.Debug|Any CPU.Build.0 = Debug|Any CPU
		{6134D67C-B662-4E92-BF71-B1439684F3B0}.Release|Any CPU.ActiveCfg = Release|Any CPU
		{6134D67C-B662-4E92-BF71-B1439684F3B0}.Release|Any CPU.Build.0 = Release|Any CPU
		{9428273A-9DC1-4C1F-A1FA-E433D1BB89B0}.Debug|Any CPU.ActiveCfg = Debug|Any CPU
		{9428273A-9DC1-4C1F-A1FA-E433D1BB89B0}.Debug|Any CPU.Build.0 = Debug|Any CPU
		{9428273A-9DC1-4C1F-A1FA-E433D1BB89B0}.Release|Any CPU.ActiveCfg = Release|Any CPU
		{9428273A-9DC1-4C1F-A1FA-E433D1BB89B0}.Release|Any CPU.Build.0 = Release|Any CPU
		{1C503923-08CC-46CB-AF9D-C526D7475795}.Debug|Any CPU.ActiveCfg = Debug|Any CPU
		{1C503923-08CC-46CB-AF9D-C526D7475795}.Debug|Any CPU.Build.0 = Debug|Any CPU
		{1C503923-08CC-46CB-AF9D-C526D7475795}.Release|Any CPU.ActiveCfg = Release|Any CPU
		{1C503923-08CC-46CB-AF9D-C526D7475795}.Release|Any CPU.Build.0 = Release|Any CPU
		{D97D5C50-5CEC-41B6-9665-283A6D8B5BD3}.Debug|Any CPU.ActiveCfg = Debug|Any CPU
		{D97D5C50-5CEC-41B6-9665-283A6D8B5BD3}.Debug|Any CPU.Build.0 = Debug|Any CPU
		{D97D5C50-5CEC-41B6-9665-283A6D8B5BD3}.Release|Any CPU.ActiveCfg = Release|Any CPU
		{D97D5C50-5CEC-41B6-9665-283A6D8B5BD3}.Release|Any CPU.Build.0 = Release|Any CPU
	EndGlobalSection
	GlobalSection(SolutionProperties) = preSolution
		HideSolutionNode = FALSE
	EndGlobalSection
EndGlobal
